
Microsoft Visual Studio Solution File, Format Version 12.00
# Visual Studio Version 16
VisualStudioVersion = 16.0.29025.244
MinimumVisualStudioVersion = 10.0.40219.1
Project("{8BC9CEB8-8B4A-11D0-8D11-00A0C91BC942}") = "Textrument", "Textrument.vcxproj", "{FCF60E65-1B78-4D1D-AB59-4FC00AC8C248}"
	ProjectSection(ProjectDependencies) = postProject
		{FBE04237-9C7B-4973-9C60-505975998B39} = {FBE04237-9C7B-4973-9C60-505975998B39}
	EndProjectSection
EndProject
Project("{8BC9CEB8-8B4A-11D0-8D11-00A0C91BC942}") = "SciLexer", "..\..\scintilla\win32\SciLexer.vcxproj", "{FBE04237-9C7B-4973-9C60-505975998B39}"
EndProject
Global
	GlobalSection(SolutionConfigurationPlatforms) = preSolution
		Debug|ARM64 = Debug|ARM64
		Debug|x64 = Debug|x64
		Debug|x86 = Debug|x86
		Release|ARM64 = Release|ARM64
		Release|x64 = Release|x64
		Release|x86 = Release|x86
	EndGlobalSection
	GlobalSection(ProjectConfigurationPlatforms) = postSolution
		{FCF60E65-1B78-4D1D-AB59-4FC00AC8C248}.Debug|ARM64.ActiveCfg = Release|Win32
		{FCF60E65-1B78-4D1D-AB59-4FC00AC8C248}.Debug|ARM64.Build.0 = Release|Win32
		{FCF60E65-1B78-4D1D-AB59-4FC00AC8C248}.Debug|x64.ActiveCfg = Debug|x64
		{FCF60E65-1B78-4D1D-AB59-4FC00AC8C248}.Debug|x64.Build.0 = Debug|x64
		{FCF60E65-1B78-4D1D-AB59-4FC00AC8C248}.Debug|x86.ActiveCfg = Debug|Win32
		{FCF60E65-1B78-4D1D-AB59-4FC00AC8C248}.Debug|x86.Build.0 = Debug|Win32
		{FCF60E65-1B78-4D1D-AB59-4FC00AC8C248}.Release|ARM64.ActiveCfg = Release|Win32
		{FCF60E65-1B78-4D1D-AB59-4FC00AC8C248}.Release|ARM64.Build.0 = Release|Win32
		{FCF60E65-1B78-4D1D-AB59-4FC00AC8C248}.Release|x64.ActiveCfg = Release|x64
		{FCF60E65-1B78-4D1D-AB59-4FC00AC8C248}.Release|x64.Build.0 = Release|x64
		{FCF60E65-1B78-4D1D-AB59-4FC00AC8C248}.Release|x86.ActiveCfg = Release|Win32
		{FCF60E65-1B78-4D1D-AB59-4FC00AC8C248}.Release|x86.Build.0 = Release|Win32
		{FBE04237-9C7B-4973-9C60-505975998B39}.Debug|ARM64.ActiveCfg = Debug|ARM64
		{FBE04237-9C7B-4973-9C60-505975998B39}.Debug|ARM64.Build.0 = Debug|ARM64
		{FBE04237-9C7B-4973-9C60-505975998B39}.Debug|x64.ActiveCfg = Debug|x64
		{FBE04237-9C7B-4973-9C60-505975998B39}.Debug|x64.Build.0 = Debug|x64
		{FBE04237-9C7B-4973-9C60-505975998B39}.Debug|x86.ActiveCfg = Debug|Win32
		{FBE04237-9C7B-4973-9C60-505975998B39}.Debug|x86.Build.0 = Debug|Win32
		{FBE04237-9C7B-4973-9C60-505975998B39}.Release|ARM64.ActiveCfg = Release|ARM64
		{FBE04237-9C7B-4973-9C60-505975998B39}.Release|ARM64.Build.0 = Release|ARM64
		{FBE04237-9C7B-4973-9C60-505975998B39}.Release|x64.ActiveCfg = Release|x64
		{FBE04237-9C7B-4973-9C60-505975998B39}.Release|x64.Build.0 = Release|x64
		{FBE04237-9C7B-4973-9C60-505975998B39}.Release|x86.ActiveCfg = Release|Win32
		{FBE04237-9C7B-4973-9C60-505975998B39}.Release|x86.Build.0 = Release|Win32
	EndGlobalSection
	GlobalSection(SolutionProperties) = preSolution
		HideSolutionNode = FALSE
	EndGlobalSection
	GlobalSection(ExtensibilityGlobals) = postSolution
		SolutionGuid = {25AEE7A4-18A6-44C0-9D60-EAA76F978F42}
	EndGlobalSection
EndGlobal
